
Microsoft Visual Studio Solution File, Format Version 12.00
# Visual Studio Version 17
VisualStudioVersion = 17.6.33801.468
MinimumVisualStudioVersion = 10.0.40219.1
Project("{FAE04EC0-301F-11D3-BF4B-00C04F79EFBC}") = "ArrivalTracker", "ArrivalTracker\ArrivalTracker.csproj", "{0B2A566E-B4E4-4F43-9F38-0F64714AFB08}"
EndProject
Global
	GlobalSection(SolutionConfigurationPlatforms) = preSolution
		Debug|Any CPU = Debug|Any CPU
		Release|Any CPU = Release|Any CPU
	EndGlobalSection
	GlobalSection(ProjectConfigurationPlatforms) = postSolution
		{0B2A566E-B4E4-4F43-9F38-0F64714AFB08}.Debug|Any CPU.ActiveCfg = Debug|Any CPU
		{0B2A566E-B4E4-4F43-9F38-0F64714AFB08}.Debug|Any CPU.Build.0 = Debug|Any CPU
		{0B2A566E-B4E4-4F43-9F38-0F64714AFB08}.Release|Any CPU.ActiveCfg = Release|Any CPU
		{0B2A566E-B4E4-4F43-9F38-0F64714AFB08}.Release|Any CPU.Build.0 = Release|Any CPU
	EndGlobalSection
	GlobalSection(SolutionProperties) = preSolution
		HideSolutionNode = FALSE
	EndGlobalSection
	GlobalSection(ExtensibilityGlobals) = postSolution
		SolutionGuid = {8B9BBAE5-A960-445E-8A40-2DF190707EE1}
	EndGlobalSection
EndGlobal
